# This file is automatically @generated by Wally.
# It is not intended for manual editing.
registry = "test"

[[package]]
name = "chipioindustries/llama"
version = "1.2.4"
dependencies = []

[[package]]
name = "chipioindustries/random-selection"
version = "1.0.0"
dependencies = [["Llama", "chipioindustries/llama@1.2.4"], ["t", "osyrisrblx/t@3.0.0"]]

[[package]]
name = "osyrisrblx/t"
version = "3.0.0"
dependencies = []

[[package]]
name = "roblox/testez"
version = "0.4.1"
dependencies = []
